{
  "lockfile_version": "1",
  "packages": {
    "nodejs@22": {
      "last_modified": "2025-06-06T01:46:53Z",
      "plugin_version": "0.0.2",
      "resolved": "github:NixOS/nixpkgs/6ad174a6dc07c7742fc64005265addf87ad08615#nodejs_22",
      "source": "devbox-search",
      "version": "22.14.0",
      "systems": {
        "aarch64-darwin": {
          "outputs": [
            {
              "name": "out",
              "path": "/nix/store/g5bv4gi6p7ryhs2hbaryxs6ivsxa6lqc-nodejs-22.14.0",
              "default": true
            },
            {
              "name": "dev",
              "path": "/nix/store/96vpirdcns8zxdwzwl7n804012lwrf1n-nodejs-22.14.0-dev"
            },
            {
              "name": "libv8",
              "path": "/nix/store/xph2837xqjnra80mqlk64xp7vb3kkqxs-nodejs-22.14.0-libv8"
            }
          ],
          "store_path": "/nix/store/g5bv4gi6p7ryhs2hbaryxs6ivsxa6lqc-nodejs-22.14.0"
        },
        "aarch64-linux": {
          "outputs": [
            {
              "name": "out",
              "path": "/nix/store/cwb781xbp70f72njqh8vhvbsf1xq87i5-nodejs-22.14.0",
              "default": true
            },
            {
              "name": "dev",
              "path": "/nix/store/0w5mql46am2qai707a42q983l44l1h9z-nodejs-22.14.0-dev"
            },
            {
              "name": "libv8",
              "path": "/nix/store/vy56lahz381ayvw3hym3wj4r4ggv7gbk-nodejs-22.14.0-libv8"
            }
          ],
          "store_path": "/nix/store/cwb781xbp70f72njqh8vhvbsf1xq87i5-nodejs-22.14.0"
        },
        "x86_64-darwin": {
          "outputs": [
            {
              "name": "out",
              "path": "/nix/store/086zjv14ipka2vbpgwil3xyvi5ml4vh3-nodejs-22.14.0",
              "default": true
            },
            {
              "name": "dev",
              "path": "/nix/store/24n01nfvy908pwzwpgsl0k4227187i7i-nodejs-22.14.0-dev"
            },
            {
              "name": "libv8",
              "path": "/nix/store/jiwk0in1wk85crn9vp03gg937gbh1s0w-nodejs-22.14.0-libv8"
            }
          ],
          "store_path": "/nix/store/086zjv14ipka2vbpgwil3xyvi5ml4vh3-nodejs-22.14.0"
        },
        "x86_64-linux": {
          "outputs": [
            {
              "name": "out",
              "path": "/nix/store/c8jxsih8yy2rnncdmx2hyraizf689nvp-nodejs-22.14.0",
              "default": true
            },
            {
              "name": "libv8",
              "path": "/nix/store/s8gnrgh9hgnbkrc1wrn21d6zvkbvm9vi-nodejs-22.14.0-libv8"
            },
            {
              "name": "dev",
              "path": "/nix/store/xw8c1c0inxq3xl1d7axz19vq8c05kjk5-nodejs-22.14.0-dev"
            }
          ],
          "store_path": "/nix/store/c8jxsih8yy2rnncdmx2hyraizf689nvp-nodejs-22.14.0"
        }
      }
    },
    "pnpm@latest": {
      "last_modified": "2025-06-11T05:21:29Z",
      "resolved": "github:NixOS/nixpkgs/f72be405a10668b8b00937b452f2145244103ebc#pnpm",
      "source": "devbox-search",
      "version": "10.12.1",
      "systems": {
        "aarch64-darwin": {
          "outputs": [
            {
              "name": "out",
              "path": "/nix/store/acxa9qpww78igzcsdb6l34faj9m8qr7g-pnpm-10.12.1",
              "default": true
            }
          ],
          "store_path": "/nix/store/acxa9qpww78igzcsdb6l34faj9m8qr7g-pnpm-10.12.1"
        },
        "aarch64-linux": {
          "outputs": [
            {
              "name": "out",
              "path": "/nix/store/w3nwhkzswkymm7rjfrpkki4j92662ky2-pnpm-10.12.1",
              "default": true
            }
          ],
          "store_path": "/nix/store/w3nwhkzswkymm7rjfrpkki4j92662ky2-pnpm-10.12.1"
        },
        "x86_64-darwin": {
          "outputs": [
            {
              "name": "out",
              "path": "/nix/store/0aw3l7ihiw9019z23228k0kg83g228pa-pnpm-10.12.1",
              "default": true
            }
          ],
          "store_path": "/nix/store/0aw3l7ihiw9019z23228k0kg83g228pa-pnpm-10.12.1"
        },
        "x86_64-linux": {
          "outputs": [
            {
              "name": "out",
              "path": "/nix/store/3kmyic2mqd6nhcd15yhp2k3gbar7glxk-pnpm-10.12.1",
              "default": true
            }
          ],
          "store_path": "/nix/store/3kmyic2mqd6nhcd15yhp2k3gbar7glxk-pnpm-10.12.1"
        }
      }
    },
    "rsync@latest": {
      "last_modified": "2025-05-16T20:19:48Z",
      "resolved": "github:NixOS/nixpkgs/12a55407652e04dcf2309436eb06fef0d3713ef3#rsync",
      "source": "devbox-search",
      "version": "3.4.1",
      "systems": {
        "aarch64-darwin": {
          "outputs": [
            {
              "name": "out",
              "path": "/nix/store/mgrdnzl43pzfqryzhriwq08xcs41gf0s-rsync-3.4.1",
              "default": true
            }
          ],
          "store_path": "/nix/store/mgrdnzl43pzfqryzhriwq08xcs41gf0s-rsync-3.4.1"
        },
        "aarch64-linux": {
          "outputs": [
            {
              "name": "out",
              "path": "/nix/store/jklj1xkvrz3w1kn79by3zkx2gfpidbip-rsync-3.4.1",
              "default": true
            }
          ],
          "store_path": "/nix/store/jklj1xkvrz3w1kn79by3zkx2gfpidbip-rsync-3.4.1"
        },
        "x86_64-darwin": {
          "outputs": [
            {
              "name": "out",
              "path": "/nix/store/bsiyivfbis03336641pv9nhdr9l7qj0n-rsync-3.4.1",
              "default": true
            }
          ],
          "store_path": "/nix/store/bsiyivfbis03336641pv9nhdr9l7qj0n-rsync-3.4.1"
        },
        "x86_64-linux": {
          "outputs": [
            {
              "name": "out",
              "path": "/nix/store/sb4ml8qjxcr2idzdgjcw2bz11p6nzff4-rsync-3.4.1",
              "default": true
            }
          ],
          "store_path": "/nix/store/sb4ml8qjxcr2idzdgjcw2bz11p6nzff4-rsync-3.4.1"
        }
      }
    }
  }
}
