{
  "lockfile_version": "1",
  "packages": {
    "github:NixOS/nixpkgs/nixpkgs-unstable": {
      "last_modified": "2025-09-25T01:21:52Z",
      "resolved": "github:NixOS/nixpkgs/e57b3b16ad8758fd681511a078f35c416a8cc939?lastModified=1758763312&narHash=sha256-puBMviZhYlqOdUUgEmMVJpXqC%2FToEqSvkyZ30qQ09xM%3D"
    },
    "github:dwayne/deploy/e6b015c6ce926275db378e6370429f60e649fc9d": {
      "last_modified": "1970-01-01T00:00:00Z",
      "resolved": "github:dwayne/deploy/e6b015c6ce926275db378e6370429f60e649fc9d"
    },
    "gnumake@latest": {
      "last_modified": "2025-09-21T00:54:27Z",
      "resolved": "github:NixOS/nixpkgs/51c8f9cfaae8306d135095bcdb3df9027f95542d#gnumake",
      "source": "devbox-search",
      "version": "4.4.1",
      "systems": {
        "aarch64-darwin": {
          "outputs": [
            {
              "name": "out",
              "path": "/nix/store/sjxx5p05vzq7xam62h21cyzkbyb1amvd-gnumake-4.4.1",
              "default": true
            },
            {
              "name": "man",
              "path": "/nix/store/a4aay80xgirjm8hk1rd142qcd1kkfps8-gnumake-4.4.1-man",
              "default": true
            },
            {
              "name": "info",
              "path": "/nix/store/cwx5agxi3ig3gmbk4c4dn7df2krzlddy-gnumake-4.4.1-info"
            }
          ],
          "store_path": "/nix/store/sjxx5p05vzq7xam62h21cyzkbyb1amvd-gnumake-4.4.1"
        },
        "aarch64-linux": {
          "outputs": [
            {
              "name": "out",
              "path": "/nix/store/9cns3585v908dwbf5nfqqjghv955ndrq-gnumake-4.4.1",
              "default": true
            },
            {
              "name": "man",
              "path": "/nix/store/0a4l47b9sqc28ssi5hsq21ivs2hmbzcp-gnumake-4.4.1-man",
              "default": true
            },
            {
              "name": "debug",
              "path": "/nix/store/j8lcp5zjdq0l0ipvji7s13vdc53nzcki-gnumake-4.4.1-debug"
            },
            {
              "name": "info",
              "path": "/nix/store/8922q241lh4qbxd2g7jxsnjnkfmgap3z-gnumake-4.4.1-info"
            }
          ],
          "store_path": "/nix/store/9cns3585v908dwbf5nfqqjghv955ndrq-gnumake-4.4.1"
        },
        "x86_64-darwin": {
          "outputs": [
            {
              "name": "out",
              "path": "/nix/store/fy063r4nqi1w79bklqhiv7ny0xwdqjp3-gnumake-4.4.1",
              "default": true
            },
            {
              "name": "man",
              "path": "/nix/store/g7nffhgbmv3r01199lhp0qz741kvnlvf-gnumake-4.4.1-man",
              "default": true
            },
            {
              "name": "info",
              "path": "/nix/store/451pi5y9s89na99pxv6jjvqa44r08dha-gnumake-4.4.1-info"
            }
          ],
          "store_path": "/nix/store/fy063r4nqi1w79bklqhiv7ny0xwdqjp3-gnumake-4.4.1"
        },
        "x86_64-linux": {
          "outputs": [
            {
              "name": "out",
              "path": "/nix/store/ahxj2q2mrl9z2k77ahqsl9j4zxq1wf84-gnumake-4.4.1",
              "default": true
            },
            {
              "name": "man",
              "path": "/nix/store/ha44mgbdcrzgah0dnjd28ax4hrdkc4mm-gnumake-4.4.1-man",
              "default": true
            },
            {
              "name": "debug",
              "path": "/nix/store/7vrxj6zy7y4a83d2q9585sxmcnkfs9ml-gnumake-4.4.1-debug"
            },
            {
              "name": "info",
              "path": "/nix/store/m0ijkc5j3wdawh302pns9b45v9n6nq64-gnumake-4.4.1-info"
            }
          ],
          "store_path": "/nix/store/ahxj2q2mrl9z2k77ahqsl9j4zxq1wf84-gnumake-4.4.1"
        }
      }
    },
    "nodejs@22": {
      "last_modified": "2025-06-06T01:46:53Z",
      "plugin_version": "0.0.2",
      "resolved": "github:NixOS/nixpkgs/6ad174a6dc07c7742fc64005265addf87ad08615#nodejs_22",
      "source": "devbox-search",
      "version": "22.14.0",
      "systems": {
        "aarch64-darwin": {
          "outputs": [
            {
              "name": "out",
              "path": "/nix/store/g5bv4gi6p7ryhs2hbaryxs6ivsxa6lqc-nodejs-22.14.0",
              "default": true
            },
            {
              "name": "dev",
              "path": "/nix/store/96vpirdcns8zxdwzwl7n804012lwrf1n-nodejs-22.14.0-dev"
            },
            {
              "name": "libv8",
              "path": "/nix/store/xph2837xqjnra80mqlk64xp7vb3kkqxs-nodejs-22.14.0-libv8"
            }
          ],
          "store_path": "/nix/store/g5bv4gi6p7ryhs2hbaryxs6ivsxa6lqc-nodejs-22.14.0"
        },
        "aarch64-linux": {
          "outputs": [
            {
              "name": "out",
              "path": "/nix/store/cwb781xbp70f72njqh8vhvbsf1xq87i5-nodejs-22.14.0",
              "default": true
            },
            {
              "name": "dev",
              "path": "/nix/store/0w5mql46am2qai707a42q983l44l1h9z-nodejs-22.14.0-dev"
            },
            {
              "name": "libv8",
              "path": "/nix/store/vy56lahz381ayvw3hym3wj4r4ggv7gbk-nodejs-22.14.0-libv8"
            }
          ],
          "store_path": "/nix/store/cwb781xbp70f72njqh8vhvbsf1xq87i5-nodejs-22.14.0"
        },
        "x86_64-darwin": {
          "outputs": [
            {
              "name": "out",
              "path": "/nix/store/086zjv14ipka2vbpgwil3xyvi5ml4vh3-nodejs-22.14.0",
              "default": true
            },
            {
              "name": "dev",
              "path": "/nix/store/24n01nfvy908pwzwpgsl0k4227187i7i-nodejs-22.14.0-dev"
            },
            {
              "name": "libv8",
              "path": "/nix/store/jiwk0in1wk85crn9vp03gg937gbh1s0w-nodejs-22.14.0-libv8"
            }
          ],
          "store_path": "/nix/store/086zjv14ipka2vbpgwil3xyvi5ml4vh3-nodejs-22.14.0"
        },
        "x86_64-linux": {
          "outputs": [
            {
              "name": "out",
              "path": "/nix/store/c8jxsih8yy2rnncdmx2hyraizf689nvp-nodejs-22.14.0",
              "default": true
            },
            {
              "name": "libv8",
              "path": "/nix/store/s8gnrgh9hgnbkrc1wrn21d6zvkbvm9vi-nodejs-22.14.0-libv8"
            },
            {
              "name": "dev",
              "path": "/nix/store/xw8c1c0inxq3xl1d7axz19vq8c05kjk5-nodejs-22.14.0-dev"
            }
          ],
          "store_path": "/nix/store/c8jxsih8yy2rnncdmx2hyraizf689nvp-nodejs-22.14.0"
        }
      }
    },
    "nushell@latest": {
      "last_modified": "2025-09-18T16:33:27Z",
      "resolved": "github:NixOS/nixpkgs/f4b140d5b253f5e2a1ff4e5506edbf8267724bde#nushell",
      "source": "devbox-search",
      "version": "0.106.1",
      "systems": {
        "aarch64-darwin": {
          "outputs": [
            {
              "name": "out",
              "path": "/nix/store/b2s37l8wvp66jgk2v35bzqd64sngm2wg-nushell-0.106.1",
              "default": true
            }
          ],
          "store_path": "/nix/store/b2s37l8wvp66jgk2v35bzqd64sngm2wg-nushell-0.106.1"
        },
        "aarch64-linux": {
          "outputs": [
            {
              "name": "out",
              "path": "/nix/store/lbmj19psdibypl9ydarygy2xjh4jgfa3-nushell-0.106.1",
              "default": true
            }
          ],
          "store_path": "/nix/store/lbmj19psdibypl9ydarygy2xjh4jgfa3-nushell-0.106.1"
        },
        "x86_64-darwin": {
          "outputs": [
            {
              "name": "out",
              "path": "/nix/store/3ssawg0rxz7bxcsvh2x3yjp4i7db906d-nushell-0.106.1",
              "default": true
            }
          ],
          "store_path": "/nix/store/3ssawg0rxz7bxcsvh2x3yjp4i7db906d-nushell-0.106.1"
        },
        "x86_64-linux": {
          "outputs": [
            {
              "name": "out",
              "path": "/nix/store/7pn92hjbp0c3jn4p0jvbjisddvx9y6fp-nushell-0.106.1",
              "default": true
            }
          ],
          "store_path": "/nix/store/7pn92hjbp0c3jn4p0jvbjisddvx9y6fp-nushell-0.106.1"
        }
      }
    },
    "pnpm@latest": {
      "last_modified": "2025-06-11T05:21:29Z",
      "resolved": "github:NixOS/nixpkgs/f72be405a10668b8b00937b452f2145244103ebc#pnpm",
      "source": "devbox-search",
      "version": "10.12.1",
      "systems": {
        "aarch64-darwin": {
          "outputs": [
            {
              "name": "out",
              "path": "/nix/store/acxa9qpww78igzcsdb6l34faj9m8qr7g-pnpm-10.12.1",
              "default": true
            }
          ],
          "store_path": "/nix/store/acxa9qpww78igzcsdb6l34faj9m8qr7g-pnpm-10.12.1"
        },
        "aarch64-linux": {
          "outputs": [
            {
              "name": "out",
              "path": "/nix/store/w3nwhkzswkymm7rjfrpkki4j92662ky2-pnpm-10.12.1",
              "default": true
            }
          ],
          "store_path": "/nix/store/w3nwhkzswkymm7rjfrpkki4j92662ky2-pnpm-10.12.1"
        },
        "x86_64-darwin": {
          "outputs": [
            {
              "name": "out",
              "path": "/nix/store/0aw3l7ihiw9019z23228k0kg83g228pa-pnpm-10.12.1",
              "default": true
            }
          ],
          "store_path": "/nix/store/0aw3l7ihiw9019z23228k0kg83g228pa-pnpm-10.12.1"
        },
        "x86_64-linux": {
          "outputs": [
            {
              "name": "out",
              "path": "/nix/store/3kmyic2mqd6nhcd15yhp2k3gbar7glxk-pnpm-10.12.1",
              "default": true
            }
          ],
          "store_path": "/nix/store/3kmyic2mqd6nhcd15yhp2k3gbar7glxk-pnpm-10.12.1"
        }
      }
    }
  }
}
